
Microsoft Visual Studio Solution File, Format Version 12.00
# Visual Studio Version 16
VisualStudioVersion = 16.0.31702.278
MinimumVisualStudioVersion = 10.0.40219.1
Project("{FAE04EC0-301F-11D3-BF4B-00C04F79EFBC}") = "Toto", "Toto\Toto.csproj", "{62A51210-0008-440E-84BF-C92FC3F1BD6B}"
EndProject
Project("{FAE04EC0-301F-11D3-BF4B-00C04F79EFBC}") = "TotoGui", "TotoGui\TotoGui.csproj", "{9F9539AF-4AF4-4729-82B0-4D2B2E43B9A2}"
EndProject
Global
	GlobalSection(SolutionConfigurationPlatforms) = preSolution
		Debug|Any CPU = Debug|Any CPU
		Release|Any CPU = Release|Any CPU
	EndGlobalSection
	GlobalSection(ProjectConfigurationPlatforms) = postSolution
		{62A51210-0008-440E-84BF-C92FC3F1BD6B}.Debug|Any CPU.ActiveCfg = Debug|Any CPU
		{62A51210-0008-440E-84BF-C92FC3F1BD6B}.Debug|Any CPU.Build.0 = Debug|Any CPU
		{62A51210-0008-440E-84BF-C92FC3F1BD6B}.Release|Any CPU.ActiveCfg = Release|Any CPU
		{62A51210-0008-440E-84BF-C92FC3F1BD6B}.Release|Any CPU.Build.0 = Release|Any CPU
		{9F9539AF-4AF4-4729-82B0-4D2B2E43B9A2}.Debug|Any CPU.ActiveCfg = Debug|Any CPU
		{9F9539AF-4AF4-4729-82B0-4D2B2E43B9A2}.Debug|Any CPU.Build.0 = Debug|Any CPU
		{9F9539AF-4AF4-4729-82B0-4D2B2E43B9A2}.Release|Any CPU.ActiveCfg = Release|Any CPU
		{9F9539AF-4AF4-4729-82B0-4D2B2E43B9A2}.Release|Any CPU.Build.0 = Release|Any CPU
	EndGlobalSection
	GlobalSection(SolutionProperties) = preSolution
		HideSolutionNode = FALSE
	EndGlobalSection
	GlobalSection(ExtensibilityGlobals) = postSolution
		SolutionGuid = {C8074E4F-E806-4C13-9507-474EF4528C96}
	EndGlobalSection
EndGlobal
